Microsoft Visual Studio Solution File, Format Version 12.00
# Visual Studio Version 17
VisualStudioVersion = 17.1.32210.238
MinimumVisualStudioVersion = 10.0.40219.1
Project("{9A19103F-16F7-4668-BE54-9A1E7A4F7556}") = "playerreader", "playerreader\playerreader.csproj", "{2503A16B-4439-4CE1-A52C-274B2C5C528A}"
EndProject
Global
	GlobalSection(SolutionConfigurationPlatforms) = preSolution
		Debug|Any CPU = Debug|Any CPU
		Release|Any CPU = Release|Any CPU
	EndGlobalSection
	GlobalSection(ProjectConfigurationPlatforms) = postSolution
		{2503A16B-4439-4CE1-A52C-274B2C5C528A}.Debug|Any CPU.ActiveCfg = Debug|Any CPU
		{2503A16B-4439-4CE1-A52C-274B2C5C528A}.Debug|Any CPU.Build.0 = Debug|Any CPU
		{2503A16B-4439-4CE1-A52C-274B2C5C528A}.Release|Any CPU.ActiveCfg = Release|Any CPU
		{2503A16B-4439-4CE1-A52C-274B2C5C528A}.Release|Any CPU.Build.0 = Release|Any CPU
	EndGlobalSection
	GlobalSection(SolutionProperties) = preSolution
		HideSolutionNode = FALSE
	EndGlobalSection
	GlobalSection(ExtensibilityGlobals) = postSolution
		SolutionGuid = {4F79BB46-6E17-4A52-93E9-B3653B97B1AC}
	EndGlobalSection
EndGlobal
