
Microsoft Visual Studio Solution File, Format Version 12.00
# Visual Studio 15
Project("{FAE04EC0-301F-11D3-BF4B-00C04F79EFBC}") = "playerreader", "playerreader\playerreader.csproj", "{2503A16B-4439-4CE1-A52C-274B2C5C528A}"
EndProject
Global
	GlobalSection(SolutionConfigurationPlatforms) = preSolution
		Debug|anycpu = Debug|anycpu
		Release|anycpu = Release|anycpu
	EndGlobalSection
	GlobalSection(ProjectConfigurationPlatforms) = postSolution
		{2503A16B-4439-4CE1-A52C-274B2C5C528A}.Debug|anycpu.ActiveCfg = Debug|anycpu
		{2503A16B-4439-4CE1-A52C-274B2C5C528A}.Debug|anycpu.Build.0 = Debug|anycpu
		{2503A16B-4439-4CE1-A52C-274B2C5C528A}.Release|anycpu.ActiveCfg = Release|anycpu
		{2503A16B-4439-4CE1-A52C-274B2C5C528A}.Release|anycpu.Build.0 = Release|anycpu
	EndGlobalSection
EndGlobal
