Microsoft Visual Studio Solution File, Format Version 12.00
# Visual Studio Version 17
VisualStudioVersion = 17.1.32210.238
MinimumVisualStudioVersion = 10.0.40219.1
Project("{FAE04EC0-301F-11D3-BF4B-00C04F79EFBC}") = "playerreader", "playerreader\playerreader.csproj", "{2503A16B-4439-4CE1-A52C-274B2C5C528A}"
EndProject
Global
	GlobalSection(SolutionConfigurationPlatforms) = preSolution
		Debug|x86 = Debug|x86
		Release|x86 = Release|x86
	EndGlobalSection
	GlobalSection(ProjectConfigurationPlatforms) = postSolution
		{2503A16B-4439-4CE1-A52C-274B2C5C528A}.Debug|x86.ActiveCfg = Debug|x86
		{2503A16B-4439-4CE1-A52C-274B2C5C528A}.Debug|x86.Build.0 = Debug|x86
		{2503A16B-4439-4CE1-A52C-274B2C5C528A}.Release|x86.ActiveCfg = Release|x86
		{2503A16B-4439-4CE1-A52C-274B2C5C528A}.Release|x86.Build.0 = Release|x86
	EndGlobalSection
	GlobalSection(SolutionProperties) = preSolution
		HideSolutionNode = FALSE
	EndGlobalSection
	GlobalSection(ExtensibilityGlobals) = postSolution
		SolutionGuid = {4F79BB46-6E17-4A52-93E9-B3653B97B1AC}
	EndGlobalSection
EndGlobal
